
Microsoft Visual Studio Solution File, Format Version 12.00
# Visual Studio Version 17
VisualStudioVersion = 17.8.34511.84
MinimumVisualStudioVersion = 10.0.40219.1
Project("{FAE04EC0-301F-11D3-BF4B-00C04F79EFBC}") = "weather", "weather\weather.csproj", "{F3CB39CC-6F34-4008-BD00-3A5A71F4529E}"
EndProject
Global
	GlobalSection(SolutionConfigurationPlatforms) = preSolution
		Debug|Any CPU = Debug|Any CPU
		Release|Any CPU = Release|Any CPU
	EndGlobalSection
	GlobalSection(ProjectConfigurationPlatforms) = postSolution
		{F3CB39CC-6F34-4008-BD00-3A5A71F4529E}.Debug|Any CPU.ActiveCfg = Debug|Any CPU
		{F3CB39CC-6F34-4008-BD00-3A5A71F4529E}.Debug|Any CPU.Build.0 = Debug|Any CPU
		{F3CB39CC-6F34-4008-BD00-3A5A71F4529E}.Release|Any CPU.ActiveCfg = Release|Any CPU
		{F3CB39CC-6F34-4008-BD00-3A5A71F4529E}.Release|Any CPU.Build.0 = Release|Any CPU
	EndGlobalSection
	GlobalSection(SolutionProperties) = preSolution
		HideSolutionNode = FALSE
	EndGlobalSection
	GlobalSection(ExtensibilityGlobals) = postSolution
		SolutionGuid = {0C955064-EBC8-4A7B-AA50-0760D7749442}
	EndGlobalSection
EndGlobal
